
Microsoft Visual Studio Solution File, Format Version 12.00
# Visual Studio Version 17
VisualStudioVersion = 17.6.33801.468
MinimumVisualStudioVersion = 10.0.40219.1
Project("{9A19103F-16F7-4668-BE54-9A1E7A4F7556}") = "UserMicroservice", "UserMicroservice\UserMicroservice.csproj", "{384E2058-7D35-4C2C-952F-4264FD523F6F}"
EndProject
Project("{9A19103F-16F7-4668-BE54-9A1E7A4F7556}") = "DataAccessLayer", "DataAccessLayer\DataAccessLayer.csproj", "{2A7FF675-F700-42BE-A198-356268020FC8}"
EndProject
Project("{9A19103F-16F7-4668-BE54-9A1E7A4F7556}") = "BusinessLogicLayer", "BusinessLogicLayer\BusinessLogicLayer.csproj", "{3EF0FE65-4559-411B-8F60-678EE435047D}"
EndProject
Project("{FAE04EC0-301F-11D3-BF4B-00C04F79EFBC}") = "UserMicroServiceTest", "UserMicroServiceTest\UserMicroServiceTest.csproj", "{627E0920-A442-4728-9929-610EB7538C4C}"
EndProject
Global
	GlobalSection(SolutionConfigurationPlatforms) = preSolution
		Debug|Any CPU = Debug|Any CPU
		Release|Any CPU = Release|Any CPU
	EndGlobalSection
	GlobalSection(ProjectConfigurationPlatforms) = postSolution
		{384E2058-7D35-4C2C-952F-4264FD523F6F}.Debug|Any CPU.ActiveCfg = Debug|Any CPU
		{384E2058-7D35-4C2C-952F-4264FD523F6F}.Debug|Any CPU.Build.0 = Debug|Any CPU
		{384E2058-7D35-4C2C-952F-4264FD523F6F}.Release|Any CPU.ActiveCfg = Release|Any CPU
		{384E2058-7D35-4C2C-952F-4264FD523F6F}.Release|Any CPU.Build.0 = Release|Any CPU
		{2A7FF675-F700-42BE-A198-356268020FC8}.Debug|Any CPU.ActiveCfg = Debug|Any CPU
		{2A7FF675-F700-42BE-A198-356268020FC8}.Debug|Any CPU.Build.0 = Debug|Any CPU
		{2A7FF675-F700-42BE-A198-356268020FC8}.Release|Any CPU.ActiveCfg = Release|Any CPU
		{2A7FF675-F700-42BE-A198-356268020FC8}.Release|Any CPU.Build.0 = Release|Any CPU
		{3EF0FE65-4559-411B-8F60-678EE435047D}.Debug|Any CPU.ActiveCfg = Debug|Any CPU
		{3EF0FE65-4559-411B-8F60-678EE435047D}.Debug|Any CPU.Build.0 = Debug|Any CPU
		{3EF0FE65-4559-411B-8F60-678EE435047D}.Release|Any CPU.ActiveCfg = Release|Any CPU
		{3EF0FE65-4559-411B-8F60-678EE435047D}.Release|Any CPU.Build.0 = Release|Any CPU
		{627E0920-A442-4728-9929-610EB7538C4C}.Debug|Any CPU.ActiveCfg = Debug|Any CPU
		{627E0920-A442-4728-9929-610EB7538C4C}.Debug|Any CPU.Build.0 = Debug|Any CPU
		{627E0920-A442-4728-9929-610EB7538C4C}.Release|Any CPU.ActiveCfg = Release|Any CPU
		{627E0920-A442-4728-9929-610EB7538C4C}.Release|Any CPU.Build.0 = Release|Any CPU
	EndGlobalSection
	GlobalSection(SolutionProperties) = preSolution
		HideSolutionNode = FALSE
	EndGlobalSection
	GlobalSection(ExtensibilityGlobals) = postSolution
		SolutionGuid = {E9B30756-FC38-4857-BA53-FE51A178C810}
	EndGlobalSection
EndGlobal
